
Microsoft Visual Studio Solution File, Format Version 12.00
# Visual Studio Version 16
VisualStudioVersion = 16.0.31129.286
MinimumVisualStudioVersion = 10.0.40219.1
Project("{FAE04EC0-301F-11D3-BF4B-00C04F79EFBC}") = "PCDB", "PCDB\PCDB.csproj", "{A8399E30-1C48-492E-98F6-C4ED943F4E08}"
EndProject
Project("{FAE04EC0-301F-11D3-BF4B-00C04F79EFBC}") = "PCDB.Tests", "PCDB.Tests\PCDB.Tests.csproj", "{CF8837DF-91D8-4C1E-B1A8-D9FFF793DE2A}"
EndProject
Global
	GlobalSection(SolutionConfigurationPlatforms) = preSolution
		Debug|Any CPU = Debug|Any CPU
		Release|Any CPU = Release|Any CPU
	EndGlobalSection
	GlobalSection(ProjectConfigurationPlatforms) = postSolution
		{A8399E30-1C48-492E-98F6-C4ED943F4E08}.Debug|Any CPU.ActiveCfg = Debug|Any CPU
		{A8399E30-1C48-492E-98F6-C4ED943F4E08}.Debug|Any CPU.Build.0 = Debug|Any CPU
		{A8399E30-1C48-492E-98F6-C4ED943F4E08}.Release|Any CPU.ActiveCfg = Release|Any CPU
		{A8399E30-1C48-492E-98F6-C4ED943F4E08}.Release|Any CPU.Build.0 = Release|Any CPU
		{CF8837DF-91D8-4C1E-B1A8-D9FFF793DE2A}.Debug|Any CPU.ActiveCfg = Debug|Any CPU
		{CF8837DF-91D8-4C1E-B1A8-D9FFF793DE2A}.Debug|Any CPU.Build.0 = Debug|Any CPU
		{CF8837DF-91D8-4C1E-B1A8-D9FFF793DE2A}.Release|Any CPU.ActiveCfg = Release|Any CPU
		{CF8837DF-91D8-4C1E-B1A8-D9FFF793DE2A}.Release|Any CPU.Build.0 = Release|Any CPU
	EndGlobalSection
	GlobalSection(SolutionProperties) = preSolution
		HideSolutionNode = FALSE
	EndGlobalSection
	GlobalSection(ExtensibilityGlobals) = postSolution
		SolutionGuid = {27A1BA9E-E221-42FF-B9F4-1F23644ADD88}
	EndGlobalSection
EndGlobal
